// !$*UTF8*$!
{
	archiveVersion = 1;
	classes = {
	};
	objectVersion = 77;
	objects = {

/* Begin PBXBuildFile section */
		49A3C0FF2EDBAF5300FF0505 /* Auth in Frameworks */ = {isa = PBXBuildFile; productRef = 49A3C0FE2EDBAF5300FF0505 /* Auth */; };
		49A3C1012EDBAF5300FF0505 /* Functions in Frameworks */ = {isa = PBXBuildFile; productRef = 49A3C1002EDBAF5300FF0505 /* Functions */; };
		49A3C1032EDBAF5300FF0505 /* PostgREST in Frameworks */ = {isa = PBXBuildFile; productRef = 49A3C1022EDBAF5300FF0505 /* PostgREST */; };
		49A3C1052EDBAF5300FF0505 /* Realtime in Frameworks */ = {isa = PBXBuildFile; productRef = 49A3C1042EDBAF5300FF0505 /* Realtime */; };
		49A3C1072EDBAF5300FF0505 /* Storage in Frameworks */ = {isa = PBXBuildFile; productRef = 49A3C1062EDBAF5300FF0505 /* Storage */; };
		49A3C1092EDBAF5300FF0505 /* Supabase in Frameworks */ = {isa = PBXBuildFile; productRef = 49A3C1082EDBAF5300FF0505 /* Supabase */; };
/* End PBXBuildFile section */

/* Begin PBXContainerItemProxy section */
		49A3C0DC2EDBADF900FF0505 /* PBXContainerItemProxy */ = {
			isa = PBXContainerItemProxy;
			containerPortal = 49A3C0C62EDBADF600FF0505 /* Project object */;
			proxyType = 1;
			remoteGlobalIDString = 49A3C0CD2EDBADF600FF0505;
			remoteInfo = "Smart parking";
		};
		49A3C0E62EDBADF900FF0505 /* PBXContainerItemProxy */ = {
			isa = PBXContainerItemProxy;
			containerPortal = 49A3C0C62EDBADF600FF0505 /* Project object */;
			proxyType = 1;
			remoteGlobalIDString = 49A3C0CD2EDBADF600FF0505;
			remoteInfo = "Smart parking";
		};
/* End PBXContainerItemProxy section */

/* Begin PBXFileReference section */
		49A3C0CE2EDBADF600FF0505 /* Smart parking.app */ = {isa = PBXFileReference; explicitFileType = wrapper.application; includeInIndex = 0; path = "Smart parking.app"; sourceTree = BUILT_PRODUCTS_DIR; };
		49A3C0DB2EDBADF900FF0505 /* Smart parkingTests.xctest */ = {isa = PBXFileReference; explicitFileType = wrapper.cfbundle; includeInIndex = 0; path = "Smart parkingTests.xctest"; sourceTree = BUILT_PRODUCTS_DIR; };
		49A3C0E52EDBADF900FF0505 /* Smart parkingUITests.xctest */ = {isa = PBXFileReference; explicitFileType = wrapper.cfbundle; includeInIndex = 0; path = "Smart parkingUITests.xctest"; sourceTree = BUILT_PRODUCTS_DIR; };
/* End PBXFileReference section */

/* Begin PBXFileSystemSynchronizedRootGroup section */
		49A3C0D02EDBADF600FF0505 /* Smart parking */ = {
			isa = PBXFileSystemSynchronizedRootGroup;
			path = "Smart parking";
			sourceTree = "<group>";
		};
		49A3C0DE2EDBADF900FF0505 /* Smart parkingTests */ = {
			isa = PBXFileSystemSynchronizedRootGroup;
			path = "Smart parkingTests";
			sourceTree = "<group>";
		};
		49A3C0E82EDBADF900FF0505 /* Smart parkingUITests */ = {
			isa = PBXFileSystemSynchronizedRootGroup;
			path = "Smart parkingUITests";
			sourceTree = "<group>";
		};
/* End PBXFileSystemSynchronizedRootGroup section */

/* Begin PBXFrameworksBuildPhase section */
		49A3C0CB2EDBADF600FF0505 /* Frameworks */ = {
			isa = PBXFrameworksBuildPhase;
			buildActionMask = 2147483647;
			files = (
				49A3C1032EDBAF5300FF0505 /* PostgREST in Frameworks */,
				49A3C1012EDBAF5300FF0505 /* Functions in Frameworks */,
				49A3C1092EDBAF5300FF0505 /* Supabase in Frameworks */,
				49A3C0FF2EDBAF5300FF0505 /* Auth in Frameworks */,
				49A3C1072EDBAF5300FF0505 /* Storage in Frameworks */,
				49A3C1052EDBAF5300FF0505 /* Realtime in Frameworks */,
			);
			runOnlyForDeploymentPostprocessing = 0;
		};
		49A3C0D82EDBADF900FF0505 /* Frameworks */ = {
			isa = PBXFrameworksBuildPhase;
			buildActionMask = 2147483647;
			files = (
			);
			runOnlyForDeploymentPostprocessing = 0;
		};
		49A3C0E22EDBADF900FF0505 /* Frameworks */ = {
			isa = PBXFrameworksBuildPhase;
			buildActionMask = 2147483647;
			files = (
			);
			runOnlyForDeploymentPostprocessing = 0;
		};
/* End PBXFrameworksBuildPhase section */

/* Begin PBXGroup section */
		49A3C0C52EDBADF600FF0505 = {
			isa = PBXGroup;
			children = (
				49A3C0D02EDBADF600FF0505 /* Smart parking */,
				49A3C0DE2EDBADF900FF0505 /* Smart parkingTests */,
				49A3C0E82EDBADF900FF0505 /* Smart parkingUITests */,
				49A3C0CF2EDBADF600FF0505 /* Products */,
			);
			sourceTree = "<group>";
		};
		49A3C0CF2EDBADF600FF0505 /* Products */ = {
			isa = PBXGroup;
			children = (
				49A3C0CE2EDBADF600FF0505 /* Smart parking.app */,
				49A3C0DB2EDBADF900FF0505 /* Smart parkingTests.xctest */,
				49A3C0E52EDBADF900FF0505 /* Smart parkingUITests.xctest */,
			);
			name = Products;
			sourceTree = "<group>";
		};
/* End PBXGroup section */

/* Begin PBXNativeTarget section */
		49A3C0CD2EDBADF600FF0505 /* Smart parking */ = {
			isa = PBXNativeTarget;
			buildConfigurationList = 49A3C0EF2EDBADF900FF0505 /* Build configuration list for PBXNativeTarget "Smart parking" */;
			buildPhases = (
				49A3C0CA2EDBADF600FF0505 /* Sources */,
				49A3C0CB2EDBADF600FF0505 /* Frameworks */,
				49A3C0CC2EDBADF600FF0505 /* Resources */,
			);
			buildRules = (
			);
			dependencies = (
			);
			fileSystemSynchronizedGroups = (
				49A3C0D02EDBADF600FF0505 /* Smart parking */,
			);
			name = "Smart parking";
			packageProductDependencies = (
				49A3C0FE2EDBAF5300FF0505 /* Auth */,
				49A3C1002EDBAF5300FF0505 /* Functions */,
				49A3C1022EDBAF5300FF0505 /* PostgREST */,
				49A3C1042EDBAF5300FF0505 /* Realtime */,
				49A3C1062EDBAF5300FF0505 /* Storage */,
				49A3C1082EDBAF5300FF0505 /* Supabase */,
			);
			productName = "Smart parking";
			productReference = 49A3C0CE2EDBADF600FF0505 /* Smart parking.app */;
			productType = "com.apple.product-type.application";
		};
		49A3C0DA2EDBADF900FF0505 /* Smart parkingTests */ = {
			isa = PBXNativeTarget;
			buildConfigurationList = 49A3C0F22EDBADF900FF0505 /* Build configuration list for PBXNativeTarget "Smart parkingTests" */;
			buildPhases = (
				49A3C0D72EDBADF900FF0505 /* Sources */,
				49A3C0D82EDBADF900FF0505 /* Frameworks */,
				49A3C0D92EDBADF900FF0505 /* Resources */,
			);
			buildRules = (
			);
			dependencies = (
				49A3C0DD2EDBADF900FF0505 /* PBXTargetDependency */,
			);
			fileSystemSynchronizedGroups = (
				49A3C0DE2EDBADF900FF0505 /* Smart parkingTests */,
			);
			name = "Smart parkingTests";
			packageProductDependencies = (
			);
			productName = "Smart parkingTests";
			productReference = 49A3C0DB2EDBADF900FF0505 /* Smart parkingTests.xctest */;
			productType = "com.apple.product-type.bundle.unit-test";
		};
		49A3C0E42EDBADF900FF0505 /* Smart parkingUITests */ = {
			isa = PBXNativeTarget;
			buildConfigurationList = 49A3C0F52EDBADF900FF0505 /* Build configuration list for PBXNativeTarget "Smart parkingUITests" */;
			buildPhases = (
				49A3C0E12EDBADF900FF0505 /* Sources */,
				49A3C0E22EDBADF900FF0505 /* Frameworks */,
				49A3C0E32EDBADF900FF0505 /* Resources */,
			);
			buildRules = (
			);
			dependencies = (
				49A3C0E72EDBADF900FF0505 /* PBXTargetDependency */,
			);
			fileSystemSynchronizedGroups = (
				49A3C0E82EDBADF900FF0505 /* Smart parkingUITests */,
			);
			name = "Smart parkingUITests";
			packageProductDependencies = (
			);
			productName = "Smart parkingUITests";
			productReference = 49A3C0E52EDBADF900FF0505 /* Smart parkingUITests.xctest */;
			productType = "com.apple.product-type.bundle.ui-testing";
		};
/* End PBXNativeTarget section */

/* Begin PBXProject section */
		49A3C0C62EDBADF600FF0505 /* Project object */ = {
			isa = PBXProject;
			attributes = {
				BuildIndependentTargetsInParallel = 1;
				LastSwiftUpdateCheck = 2600;
				LastUpgradeCheck = 2600;
				TargetAttributes = {
					49A3C0CD2EDBADF600FF0505 = {
						CreatedOnToolsVersion = 26.0.1;
					};
					49A3C0DA2EDBADF900FF0505 = {
						CreatedOnToolsVersion = 26.0.1;
						TestTargetID = 49A3C0CD2EDBADF600FF0505;
					};
					49A3C0E42EDBADF900FF0505 = {
						CreatedOnToolsVersion = 26.0.1;
						TestTargetID = 49A3C0CD2EDBADF600FF0505;
					};
				};
			};
			buildConfigurationList = 49A3C0C92EDBADF600FF0505 /* Build configuration list for PBXProject "Smart parking" */;
			developmentRegion = en;
			hasScannedForEncodings = 0;
			knownRegions = (
				en,
				Base,
			);
			mainGroup = 49A3C0C52EDBADF600FF0505;
			minimizedProjectReferenceProxies = 1;
			packageReferences = (
				49A3C0FD2EDBAF5300FF0505 /* XCRemoteSwiftPackageReference "supabase-swift" */,
			);
			preferredProjectObjectVersion = 77;
			productRefGroup = 49A3C0CF2EDBADF600FF0505 /* Products */;
			projectDirPath = "";
			projectRoot = "";
			targets = (
				49A3C0CD2EDBADF600FF0505 /* Smart parking */,
				49A3C0DA2EDBADF900FF0505 /* Smart parkingTests */,
				49A3C0E42EDBADF900FF0505 /* Smart parkingUITests */,
			);
		};
/* End PBXProject section */

/* Begin PBXResourcesBuildPhase section */
		49A3C0CC2EDBADF600FF0505 /* Resources */ = {
			isa = PBXResourcesBuildPhase;
			buildActionMask = 2147483647;
			files = (
			);
			runOnlyForDeploymentPostprocessing = 0;
		};
		49A3C0D92EDBADF900FF0505 /* Resources */ = {
			isa = PBXResourcesBuildPhase;
			buildActionMask = 2147483647;
			files = (
			);
			runOnlyForDeploymentPostprocessing = 0;
		};
		49A3C0E32EDBADF900FF0505 /* Resources */ = {
			isa = PBXResourcesBuildPhase;
			buildActionMask = 2147483647;
			files = (
			);
			runOnlyForDeploymentPostprocessing = 0;
		};
/* End PBXResourcesBuildPhase section */

/* Begin PBXSourcesBuildPhase section */
		49A3C0CA2EDBADF600FF0505 /* Sources */ = {
			isa = PBXSourcesBuildPhase;
			buildActionMask = 2147483647;
			files = (
			);
			runOnlyForDeploymentPostprocessing = 0;
		};
		49A3C0D72EDBADF900FF0505 /* Sources */ = {
			isa = PBXSourcesBuildPhase;
			buildActionMask = 2147483647;
			files = (
			);
			runOnlyForDeploymentPostprocessing = 0;
		};
		49A3C0E12EDBADF900FF0505 /* Sources */ = {
			isa = PBXSourcesBuildPhase;
			buildActionMask = 2147483647;
			files = (
			);
			runOnlyForDeploymentPostprocessing = 0;
		};
/* End PBXSourcesBuildPhase section */

/* Begin PBXTargetDependency section */
		49A3C0DD2EDBADF900FF0505 /* PBXTargetDependency */ = {
			isa = PBXTargetDependency;
			target = 49A3C0CD2EDBADF600FF0505 /* Smart parking */;
			targetProxy = 49A3C0DC2EDBADF900FF0505 /* PBXContainerItemProxy */;
		};
		49A3C0E72EDBADF900FF0505 /* PBXTargetDependency */ = {
			isa = PBXTargetDependency;
			target = 49A3C0CD2EDBADF600FF0505 /* Smart parking */;
			targetProxy = 49A3C0E62EDBADF900FF0505 /* PBXContainerItemProxy */;
		};
/* End PBXTargetDependency section */

/* Begin XCBuildConfiguration section */
		49A3C0ED2EDBADF900FF0505 /* Debug */ = {
			isa = XCBuildConfiguration;
			buildSettings = {
				ALWAYS_SEARCH_USER_PATHS = NO;
				ASSETCATALOG_COMPILER_GENERATE_SWIFT_ASSET_SYMBOL_EXTENSIONS = YES;
				CLANG_ANALYZER_NONNULL = YES;
				CLANG_ANALYZER_NUMBER_OBJECT_CONVERSION = YES_AGGRESSIVE;
				CLANG_CXX_LANGUAGE_STANDARD = "gnu++20";
				CLANG_ENABLE_MODULES = YES;
				CLANG_ENABLE_OBJC_ARC = YES;
				CLANG_ENABLE_OBJC_WEAK = YES;
				CLANG_WARN_BLOCK_CAPTURE_AUTORELEASING = YES;
				CLANG_WARN_BOOL_CONVERSION = YES;
				CLANG_WARN_COMMA = YES;
				CLANG_WARN_CONSTANT_CONVERSION = YES;
				CLANG_WARN_DEPRECATED_OBJC_IMPLEMENTATIONS = YES;
				CLANG_WARN_DIRECT_OBJC_ISA_USAGE = YES_ERROR;
				CLANG_WARN_DOCUMENTATION_COMMENTS = YES;
				CLANG_WARN_EMPTY_BODY = YES;
				CLANG_WARN_ENUM_CONVERSION = YES;
				CLANG_WARN_INFINITE_RECURSION = YES;
				CLANG_WARN_INT_CONVERSION = YES;
				CLANG_WARN_NON_LITERAL_NULL_CONVERSION = YES;
				CLANG_WARN_OBJC_IMPLICIT_RETAIN_SELF = YES;
				CLANG_WARN_OBJC_LITERAL_CONVERSION = YES;
				CLANG_WARN_OBJC_ROOT_CLASS = YES_ERROR;
				CLANG_WARN_QUOTED_INCLUDE_IN_FRAMEWORK_HEADER = YES;
				CLANG_WARN_RANGE_LOOP_ANALYSIS = YES;
				CLANG_WARN_STRICT_PROTOTYPES = YES;
				CLANG_WARN_SUSPICIOUS_MOVE = YES;
				CLANG_WARN_UNGUARDED_AVAILABILITY = YES_AGGRESSIVE;
				CLANG_WARN_UNREACHABLE_CODE = YES;
				CLANG_WARN__DUPLICATE_METHOD_MATCH = YES;
				COPY_PHASE_STRIP = NO;
				DEBUG_INFORMATION_FORMAT = dwarf;
				ENABLE_STRICT_OBJC_MSGSEND = YES;
				ENABLE_TESTABILITY = YES;
				ENABLE_USER_SCRIPT_SANDBOXING = YES;
				GCC_C_LANGUAGE_STANDARD = gnu17;
				GCC_DYNAMIC_NO_PIC = NO;
				GCC_NO_COMMON_BLOCKS = YES;
				GCC_OPTIMIZATION_LEVEL = 0;
				GCC_PREPROCESSOR_DEFINITIONS = (
					"DEBUG=1",
					"$(inherited)",
				);
				GCC_WARN_64_TO_32_BIT_CONVERSION = YES;
				GCC_WARN_ABOUT_RETURN_TYPE = YES_ERROR;
				GCC_WARN_UNDECLARED_SELECTOR = YES;
				GCC_WARN_UNINITIALIZED_AUTOS = YES_AGGRESSIVE;
				GCC_WARN_UNUSED_FUNCTION = YES;
				GCC_WARN_UNUSED_VARIABLE = YES;
				IPHONEOS_DEPLOYMENT_TARGET = 26.0;
				LOCALIZATION_PREFERS_STRING_CATALOGS = YES;
				MTL_ENABLE_DEBUG_INFO = INCLUDE_SOURCE;
				MTL_FAST_MATH = YES;
				ONLY_ACTIVE_ARCH = YES;
				SDKROOT = iphoneos;
				SWIFT_ACTIVE_COMPILATION_CONDITIONS = "DEBUG $(inherited)";
				SWIFT_OPTIMIZATION_LEVEL = "-Onone";
			};
			name = Debug;
		};
		49A3C0EE2EDBADF900FF0505 /* Release */ = {
			isa = XCBuildConfiguration;
			buildSettings = {
				ALWAYS_SEARCH_USER_PATHS = NO;
				ASSETCATALOG_COMPILER_GENERATE_SWIFT_ASSET_SYMBOL_EXTENSIONS = YES;
				CLANG_ANALYZER_NONNULL = YES;
				CLANG_ANALYZER_NUMBER_OBJECT_CONVERSION = YES_AGGRESSIVE;
				CLANG_CXX_LANGUAGE_STANDARD = "gnu++20";
				CLANG_ENABLE_MODULES = YES;
				CLANG_ENABLE_OBJC_ARC = YES;
				CLANG_ENABLE_OBJC_WEAK = YES;
				CLANG_WARN_BLOCK_CAPTURE_AUTORELEASING = YES;
				CLANG_WARN_BOOL_CONVERSION = YES;
				CLANG_WARN_COMMA = YES;
				CLANG_WARN_CONSTANT_CONVERSION = YES;
				CLANG_WARN_DEPRECATED_OBJC_IMPLEMENTATIONS = YES;
				CLANG_WARN_DIRECT_OBJC_ISA_USAGE = YES_ERROR;
				CLANG_WARN_DOCUMENTATION_COMMENTS = YES;
				CLANG_WARN_EMPTY_BODY = YES;
				CLANG_WARN_ENUM_CONVERSION = YES;
				CLANG_WARN_INFINITE_RECURSION = YES;
				CLANG_WARN_INT_CONVERSION = YES;
				CLANG_WARN_NON_LITERAL_NULL_CONVERSION = YES;
				CLANG_WARN_OBJC_IMPLICIT_RETAIN_SELF = YES;
				CLANG_WARN_OBJC_LITERAL_CONVERSION = YES;
				CLANG_WARN_OBJC_ROOT_CLASS = YES_ERROR;
				CLANG_WARN_QUOTED_INCLUDE_IN_FRAMEWORK_HEADER = YES;
				CLANG_WARN_RANGE_LOOP_ANALYSIS = YES;
				CLANG_WARN_STRICT_PROTOTYPES = YES;
				CLANG_WARN_SUSPICIOUS_MOVE = YES;
				CLANG_WARN_UNGUARDED_AVAILABILITY = YES_AGGRESSIVE;
				CLANG_WARN_UNREACHABLE_CODE = YES;
				CLANG_WARN__DUPLICATE_METHOD_MATCH = YES;
				COPY_PHASE_STRIP = NO;
				DEBUG_INFORMATION_FORMAT = "dwarf-with-dsym";
				ENABLE_NS_ASSERTIONS = NO;
				ENABLE_STRICT_OBJC_MSGSEND = YES;
				ENABLE_USER_SCRIPT_SANDBOXING = YES;
				GCC_C_LANGUAGE_STANDARD = gnu17;
				GCC_NO_COMMON_BLOCKS = YES;
				GCC_WARN_64_TO_32_BIT_CONVERSION = YES;
				GCC_WARN_ABOUT_RETURN_TYPE = YES_ERROR;
				GCC_WARN_UNDECLARED_SELECTOR = YES;
				GCC_WARN_UNINITIALIZED_AUTOS = YES_AGGRESSIVE;
				GCC_WARN_UNUSED_FUNCTION = YES;
				GCC_WARN_UNUSED_VARIABLE = YES;
				IPHONEOS_DEPLOYMENT_TARGET = 26.0;
				LOCALIZATION_PREFERS_STRING_CATALOGS = YES;
				MTL_ENABLE_DEBUG_INFO = NO;
				MTL_FAST_MATH = YES;
				SDKROOT = iphoneos;
				SWIFT_COMPILATION_MODE = wholemodule;
				VALIDATE_PRODUCT = YES;
			};
			name = Release;
		};
		49A3C0F02EDBADF900FF0505 /* Debug */ = {
			isa = XCBuildConfiguration;
			buildSettings = {
				ASSETCATALOG_COMPILER_APPICON_NAME = AppIcon;
				ASSETCATALOG_COMPILER_GLOBAL_ACCENT_COLOR_NAME = AccentColor;
				CODE_SIGN_ENTITLEMENTS = "Smart parking/Smart parking.entitlements";
				CODE_SIGN_STYLE = Automatic;
				CURRENT_PROJECT_VERSION = 1;
				DEVELOPMENT_TEAM = XD59PG7AUF;
				ENABLE_PREVIEWS = YES;
				GENERATE_INFOPLIST_FILE = YES;
				INFOPLIST_FILE = "Smart-parking-Info.plist";
				INFOPLIST_KEY_UIApplicationSceneManifest_Generation = YES;
				INFOPLIST_KEY_UIApplicationSupportsIndirectInputEvents = YES;
				INFOPLIST_KEY_UILaunchScreen_Generation = YES;
				INFOPLIST_KEY_UISupportedInterfaceOrientations_iPad = "UIInterfaceOrientationPortrait UIInterfaceOrientationPortraitUpsideDown UIInterfaceOrientationLandscapeLeft UIInterfaceOrientationLandscapeRight";
				INFOPLIST_KEY_UISupportedInterfaceOrientations_iPhone = "UIInterfaceOrientationPortrait UIInterfaceOrientationLandscapeLeft UIInterfaceOrientationLandscapeRight";
				LD_RUNPATH_SEARCH_PATHS = (
					"$(inherited)",
					"@executable_path/Frameworks",
				);
				MARKETING_VERSION = 1.0;
				PRODUCT_BUNDLE_IDENTIFIER = "MIR.Smart-parking";
				PRODUCT_NAME = "$(TARGET_NAME)";
				STRING_CATALOG_GENERATE_SYMBOLS = YES;
				SWIFT_APPROACHABLE_CONCURRENCY = YES;
				SWIFT_DEFAULT_ACTOR_ISOLATION = MainActor;
				SWIFT_EMIT_LOC_STRINGS = YES;
				SWIFT_UPCOMING_FEATURE_MEMBER_IMPORT_VISIBILITY = YES;
				SWIFT_VERSION = 5.0;
				TARGETED_DEVICE_FAMILY = "1,2";
			};
			name = Debug;
		};
		49A3C0F12EDBADF900FF0505 /* Release */ = {
			isa = XCBuildConfiguration;
			buildSettings = {
				ASSETCATALOG_COMPILER_APPICON_NAME = AppIcon;
				ASSETCATALOG_COMPILER_GLOBAL_ACCENT_COLOR_NAME = AccentColor;
				CODE_SIGN_ENTITLEMENTS = "Smart parking/Smart parking.entitlements";
				CODE_SIGN_STYLE = Automatic;
				CURRENT_PROJECT_VERSION = 1;
				DEVELOPMENT_TEAM = XD59PG7AUF;
				ENABLE_PREVIEWS = YES;
				GENERATE_INFOPLIST_FILE = YES;
				INFOPLIST_FILE = "Smart-parking-Info.plist";
				INFOPLIST_KEY_UIApplicationSceneManifest_Generation = YES;
				INFOPLIST_KEY_UIApplicationSupportsIndirectInputEvents = YES;
				INFOPLIST_KEY_UILaunchScreen_Generation = YES;
				INFOPLIST_KEY_UISupportedInterfaceOrientations_iPad = "UIInterfaceOrientationPortrait UIInterfaceOrientationPortraitUpsideDown UIInterfaceOrientationLandscapeLeft UIInterfaceOrientationLandscapeRight";
				INFOPLIST_KEY_UISupportedInterfaceOrientations_iPhone = "UIInterfaceOrientationPortrait UIInterfaceOrientationLandscapeLeft UIInterfaceOrientationLandscapeRight";
				LD_RUNPATH_SEARCH_PATHS = (
					"$(inherited)",
					"@executable_path/Frameworks",
				);
				MARKETING_VERSION = 1.0;
				PRODUCT_BUNDLE_IDENTIFIER = "MIR.Smart-parking";
				PRODUCT_NAME = "$(TARGET_NAME)";
				STRING_CATALOG_GENERATE_SYMBOLS = YES;
				SWIFT_APPROACHABLE_CONCURRENCY = YES;
				SWIFT_DEFAULT_ACTOR_ISOLATION = MainActor;
				SWIFT_EMIT_LOC_STRINGS = YES;
				SWIFT_UPCOMING_FEATURE_MEMBER_IMPORT_VISIBILITY = YES;
				SWIFT_VERSION = 5.0;
				TARGETED_DEVICE_FAMILY = "1,2";
			};
			name = Release;
		};
		49A3C0F32EDBADF900FF0505 /* Debug */ = {
			isa = XCBuildConfiguration;
			buildSettings = {
				BUNDLE_LOADER = "$(TEST_HOST)";
				CODE_SIGN_STYLE = Automatic;
				CURRENT_PROJECT_VERSION = 1;
				GENERATE_INFOPLIST_FILE = YES;
				IPHONEOS_DEPLOYMENT_TARGET = 26.0;
				MARKETING_VERSION = 1.0;
				PRODUCT_BUNDLE_IDENTIFIER = "MIR.Smart-parkingTests";
				PRODUCT_NAME = "$(TARGET_NAME)";
				STRING_CATALOG_GENERATE_SYMBOLS = NO;
				SWIFT_APPROACHABLE_CONCURRENCY = YES;
				SWIFT_EMIT_LOC_STRINGS = NO;
				SWIFT_UPCOMING_FEATURE_MEMBER_IMPORT_VISIBILITY = YES;
				SWIFT_VERSION = 5.0;
				TARGETED_DEVICE_FAMILY = "1,2";
				TEST_HOST = "$(BUILT_PRODUCTS_DIR)/Smart parking.app/$(BUNDLE_EXECUTABLE_FOLDER_PATH)/Smart parking";
			};
			name = Debug;
		};
		49A3C0F42EDBADF900FF0505 /* Release */ = {
			isa = XCBuildConfiguration;
			buildSettings = {
				BUNDLE_LOADER = "$(TEST_HOST)";
				CODE_SIGN_STYLE = Automatic;
				CURRENT_PROJECT_VERSION = 1;
				GENERATE_INFOPLIST_FILE = YES;
				IPHONEOS_DEPLOYMENT_TARGET = 26.0;
				MARKETING_VERSION = 1.0;
				PRODUCT_BUNDLE_IDENTIFIER = "MIR.Smart-parkingTests";
				PRODUCT_NAME = "$(TARGET_NAME)";
				STRING_CATALOG_GENERATE_SYMBOLS = NO;
				SWIFT_APPROACHABLE_CONCURRENCY = YES;
				SWIFT_EMIT_LOC_STRINGS = NO;
				SWIFT_UPCOMING_FEATURE_MEMBER_IMPORT_VISIBILITY = YES;
				SWIFT_VERSION = 5.0;
				TARGETED_DEVICE_FAMILY = "1,2";
				TEST_HOST = "$(BUILT_PRODUCTS_DIR)/Smart parking.app/$(BUNDLE_EXECUTABLE_FOLDER_PATH)/Smart parking";
			};
			name = Release;
		};
		49A3C0F62EDBADF900FF0505 /* Debug */ = {
			isa = XCBuildConfiguration;
			buildSettings = {
				CODE_SIGN_STYLE = Automatic;
				CURRENT_PROJECT_VERSION = 1;
				GENERATE_INFOPLIST_FILE = YES;
				MARKETING_VERSION = 1.0;
				PRODUCT_BUNDLE_IDENTIFIER = "MIR.Smart-parkingUITests";
				PRODUCT_NAME = "$(TARGET_NAME)";
				STRING_CATALOG_GENERATE_SYMBOLS = NO;
				SWIFT_APPROACHABLE_CONCURRENCY = YES;
				SWIFT_EMIT_LOC_STRINGS = NO;
				SWIFT_UPCOMING_FEATURE_MEMBER_IMPORT_VISIBILITY = YES;
				SWIFT_VERSION = 5.0;
				TARGETED_DEVICE_FAMILY = "1,2";
				TEST_TARGET_NAME = "Smart parking";
			};
			name = Debug;
		};
		49A3C0F72EDBADF900FF0505 /* Release */ = {
			isa = XCBuildConfiguration;
			buildSettings = {
				CODE_SIGN_STYLE = Automatic;
				CURRENT_PROJECT_VERSION = 1;
				GENERATE_INFOPLIST_FILE = YES;
				MARKETING_VERSION = 1.0;
				PRODUCT_BUNDLE_IDENTIFIER = "MIR.Smart-parkingUITests";
				PRODUCT_NAME = "$(TARGET_NAME)";
				STRING_CATALOG_GENERATE_SYMBOLS = NO;
				SWIFT_APPROACHABLE_CONCURRENCY = YES;
				SWIFT_EMIT_LOC_STRINGS = NO;
				SWIFT_UPCOMING_FEATURE_MEMBER_IMPORT_VISIBILITY = YES;
				SWIFT_VERSION = 5.0;
				TARGETED_DEVICE_FAMILY = "1,2";
				TEST_TARGET_NAME = "Smart parking";
			};
			name = Release;
		};
/* End XCBuildConfiguration section */

/* Begin XCConfigurationList section */
		49A3C0C92EDBADF600FF0505 /* Build configuration list for PBXProject "Smart parking" */ = {
			isa = XCConfigurationList;
			buildConfigurations = (
				49A3C0ED2EDBADF900FF0505 /* Debug */,
				49A3C0EE2EDBADF900FF0505 /* Release */,
			);
			defaultConfigurationIsVisible = 0;
			defaultConfigurationName = Release;
		};
		49A3C0EF2EDBADF900FF0505 /* Build configuration list for PBXNativeTarget "Smart parking" */ = {
			isa = XCConfigurationList;
			buildConfigurations = (
				49A3C0F02EDBADF900FF0505 /* Debug */,
				49A3C0F12EDBADF900FF0505 /* Release */,
			);
			defaultConfigurationIsVisible = 0;
			defaultConfigurationName = Release;
		};
		49A3C0F22EDBADF900FF0505 /* Build configuration list for PBXNativeTarget "Smart parkingTests" */ = {
			isa = XCConfigurationList;
			buildConfigurations = (
				49A3C0F32EDBADF900FF0505 /* Debug */,
				49A3C0F42EDBADF900FF0505 /* Release */,
			);
			defaultConfigurationIsVisible = 0;
			defaultConfigurationName = Release;
		};
		49A3C0F52EDBADF900FF0505 /* Build configuration list for PBXNativeTarget "Smart parkingUITests" */ = {
			isa = XCConfigurationList;
			buildConfigurations = (
				49A3C0F62EDBADF900FF0505 /* Debug */,
				49A3C0F72EDBADF900FF0505 /* Release */,
			);
			defaultConfigurationIsVisible = 0;
			defaultConfigurationName = Release;
		};
/* End XCConfigurationList section */

/* Begin XCRemoteSwiftPackageReference section */
		49A3C0FD2EDBAF5300FF0505 /* XCRemoteSwiftPackageReference "supabase-swift" */ = {
			isa = XCRemoteSwiftPackageReference;
			repositoryURL = "https://github.com/supabase/supabase-swift.git";
			requirement = {
				kind = upToNextMajorVersion;
				minimumVersion = 2.5.1;
			};
		};
/* End XCRemoteSwiftPackageReference section */

/* Begin XCSwiftPackageProductDependency section */
		49A3C0FE2EDBAF5300FF0505 /* Auth */ = {
			isa = XCSwiftPackageProductDependency;
			package = 49A3C0FD2EDBAF5300FF0505 /* XCRemoteSwiftPackageReference "supabase-swift" */;
			productName = Auth;
		};
		49A3C1002EDBAF5300FF0505 /* Functions */ = {
			isa = XCSwiftPackageProductDependency;
			package = 49A3C0FD2EDBAF5300FF0505 /* XCRemoteSwiftPackageReference "supabase-swift" */;
			productName = Functions;
		};
		49A3C1022EDBAF5300FF0505 /* PostgREST */ = {
			isa = XCSwiftPackageProductDependency;
			package = 49A3C0FD2EDBAF5300FF0505 /* XCRemoteSwiftPackageReference "supabase-swift" */;
			productName = PostgREST;
		};
		49A3C1042EDBAF5300FF0505 /* Realtime */ = {
			isa = XCSwiftPackageProductDependency;
			package = 49A3C0FD2EDBAF5300FF0505 /* XCRemoteSwiftPackageReference "supabase-swift" */;
			productName = Realtime;
		};
		49A3C1062EDBAF5300FF0505 /* Storage */ = {
			isa = XCSwiftPackageProductDependency;
			package = 49A3C0FD2EDBAF5300FF0505 /* XCRemoteSwiftPackageReference "supabase-swift" */;
			productName = Storage;
		};
		49A3C1082EDBAF5300FF0505 /* Supabase */ = {
			isa = XCSwiftPackageProductDependency;
			package = 49A3C0FD2EDBAF5300FF0505 /* XCRemoteSwiftPackageReference "supabase-swift" */;
			productName = Supabase;
		};
/* End XCSwiftPackageProductDependency section */
	};
	rootObject = 49A3C0C62EDBADF600FF0505 /* Project object */;
}
